
Microsoft Visual Studio Solution File, Format Version 12.00
# Visual Studio Version 16
VisualStudioVersion = 16.0.30804.86
MinimumVisualStudioVersion = 10.0.40219.1
Project("{FAE04EC0-301F-11D3-BF4B-00C04F79EFBC}") = "M1NETCore_HelloMVC", "M1NETCore_HelloMVC\M1NETCore_HelloMVC.csproj", "{7FDA10C1-2651-4953-B93E-6CA448D02171}"
EndProject
Global
	GlobalSection(SolutionConfigurationPlatforms) = preSolution
		Debug|Any CPU = Debug|Any CPU
		Release|Any CPU = Release|Any CPU
	EndGlobalSection
	GlobalSection(ProjectConfigurationPlatforms) = postSolution
		{7FDA10C1-2651-4953-B93E-6CA448D02171}.Debug|Any CPU.ActiveCfg = Debug|Any CPU
		{7FDA10C1-2651-4953-B93E-6CA448D02171}.Debug|Any CPU.Build.0 = Debug|Any CPU
		{7FDA10C1-2651-4953-B93E-6CA448D02171}.Release|Any CPU.ActiveCfg = Release|Any CPU
		{7FDA10C1-2651-4953-B93E-6CA448D02171}.Release|Any CPU.Build.0 = Release|Any CPU
	EndGlobalSection
	GlobalSection(SolutionProperties) = preSolution
		HideSolutionNode = FALSE
	EndGlobalSection
	GlobalSection(ExtensibilityGlobals) = postSolution
		SolutionGuid = {EE456EE9-B57F-4C2D-8B34-A43FE681B5A5}
	EndGlobalSection
EndGlobal
